
Microsoft Visual Studio Solution File, Format Version 10.00
# Visual C# Express 2008
Project("{FAE04EC0-301F-11D3-BF4B-00C04F79EFBC}") = "Scripts", "Scripts.csproj", "{CAC02510-74B0-412C-BEF8-25610A2B5F67}"
EndProject
Global
	GlobalSection(SolutionConfigurationPlatforms) = preSolution
		Debug|Any CPU = Debug|Any CPU
		Release|Any CPU = Release|Any CPU
	EndGlobalSection
	GlobalSection(ProjectConfigurationPlatforms) = postSolution
		{CAC02510-74B0-412C-BEF8-25610A2B5F67}.Debug|Any CPU.ActiveCfg = Debug|Any CPU
		{CAC02510-74B0-412C-BEF8-25610A2B5F67}.Debug|Any CPU.Build.0 = Debug|Any CPU
		{CAC02510-74B0-412C-BEF8-25610A2B5F67}.Release|Any CPU.ActiveCfg = Release|Any CPU
		{CAC02510-74B0-412C-BEF8-25610A2B5F67}.Release|Any CPU.Build.0 = Release|Any CPU
	EndGlobalSection
	GlobalSection(SolutionProperties) = preSolution
		HideSolutionNode = FALSE
	EndGlobalSection
EndGlobal
